
Microsoft Visual Studio Solution File, Format Version 12.00
# Visual Studio Version 17
VisualStudioVersion = 17.14.36511.14 d17.14
MinimumVisualStudioVersion = 10.0.40219.1
Project("{FAE04EC0-301F-11D3-BF4B-00C04F79EFBC}") = "NextRoundA", "NextRoundA\NextRoundA.csproj", "{33EE312F-3D91-448D-BCF7-F39712ED0AEC}"
EndProject
Global
	GlobalSection(SolutionConfigurationPlatforms) = preSolution
		Debug|Any CPU = Debug|Any CPU
		Release|Any CPU = Release|Any CPU
	EndGlobalSection
	GlobalSection(ProjectConfigurationPlatforms) = postSolution
		{33EE312F-3D91-448D-BCF7-F39712ED0AEC}.Debug|Any CPU.ActiveCfg = Debug|Any CPU
		{33EE312F-3D91-448D-BCF7-F39712ED0AEC}.Debug|Any CPU.Build.0 = Debug|Any CPU
		{33EE312F-3D91-448D-BCF7-F39712ED0AEC}.Release|Any CPU.ActiveCfg = Release|Any CPU
		{33EE312F-3D91-448D-BCF7-F39712ED0AEC}.Release|Any CPU.Build.0 = Release|Any CPU
	EndGlobalSection
	GlobalSection(SolutionProperties) = preSolution
		HideSolutionNode = FALSE
	EndGlobalSection
	GlobalSection(ExtensibilityGlobals) = postSolution
		SolutionGuid = {F54C904A-2832-4B53-846F-F2C84DA771CF}
	EndGlobalSection
EndGlobal
